
Microsoft Visual Studio Solution File, Format Version 11.00
# Visual Studio 2010
Project("{FAE04EC0-301F-11D3-BF4B-00C04F79EFBC}") = "Demo_2048", "Assembly-CSharp.csproj", "{482F7FF8-B317-F0D0-C927-20A5E49A06B6}"
EndProject
Project("{FAE04EC0-301F-11D3-BF4B-00C04F79EFBC}") = "Demo_2048", "Assembly-CSharp-Editor.csproj", "{6C158305-DEF7-3121-8934-8FDD5F148D49}"
EndProject
Global
	GlobalSection(SolutionConfigurationPlatforms) = preSolution
		Debug|Any CPU = Debug|Any CPU
		Release|Any CPU = Release|Any CPU
	EndGlobalSection
	GlobalSection(ProjectConfigurationPlatforms) = postSolution
		{482F7FF8-B317-F0D0-C927-20A5E49A06B6}.Debug|Any CPU.ActiveCfg = Debug|Any CPU
		{482F7FF8-B317-F0D0-C927-20A5E49A06B6}.Debug|Any CPU.Build.0 = Debug|Any CPU
		{482F7FF8-B317-F0D0-C927-20A5E49A06B6}.Release|Any CPU.ActiveCfg = Release|Any CPU
		{482F7FF8-B317-F0D0-C927-20A5E49A06B6}.Release|Any CPU.Build.0 = Release|Any CPU
		{6C158305-DEF7-3121-8934-8FDD5F148D49}.Debug|Any CPU.ActiveCfg = Debug|Any CPU
		{6C158305-DEF7-3121-8934-8FDD5F148D49}.Debug|Any CPU.Build.0 = Debug|Any CPU
		{6C158305-DEF7-3121-8934-8FDD5F148D49}.Release|Any CPU.ActiveCfg = Release|Any CPU
		{6C158305-DEF7-3121-8934-8FDD5F148D49}.Release|Any CPU.Build.0 = Release|Any CPU
	EndGlobalSection
	GlobalSection(SolutionProperties) = preSolution
		HideSolutionNode = FALSE
	EndGlobalSection
	GlobalSection(MonoDevelopProperties) = preSolution
		StartupItem = Assembly-CSharp.csproj
	EndGlobalSection
EndGlobal
